github.com/buildkite/go-buildkite v2.2.0+incompatible h1:yEjSu1axFC88x4dbufhgMDsEnJztPWlLiZzEvzJggXc=
github.com/buildkite/go-buildkite v2.2.0+incompatible/go.mod h1:WTV0aX5KnQ9ofsKMg2CLUBLJNsQ0RwOEKPhrXXZWPcE=
github.com/cenkalti/backoff v2.1.1+incompatible h1:tKJnvO2kl0zmb/jA5UKAt4VoEVw1qxKWjE/Bpp46npY=
github.com/cenkalti/backoff v2.1.1+incompatible/go.mod h1:90ReRw6GdpyfrHakVjL/QHaoyV4aDUVVkXQJJJ3NXXM=
github.com/fweikert/continuous-integration v0.0.0-20190516172746-05dbc8a61eeb h1:u5yltUje6cVxz/CdRCH/lXlPPru9iMQ4RewpNcPJ+Cc=
github.com/fweikert/continuous-integration v0.0.0-20190516172746-05dbc8a61eeb/go.mod h1:tWNzB1X4/5pvmTyadiUui0Y1hGyh2NkOKvzJGLhkj3o=
github.com/fweikert/go-buildkite v2.1.0+incompatible h1:pXTGIVh+Qu8terylTFjeTC7QxgQN9OFaJVxUjoZbGE4=
github.com/fweikert/go-buildkite v2.1.0+incompatible/go.mod h1:cHMKq7NUSswHt3FHgx/Trt+XcaFaq6BoCZyQQ5/DetY=
github.com/fweikert/go-buildkite v2.1.1-0.20190131135720-1a18fa668fae+incompatible h1:xIBBVhJwBUV3wBEfEtwXh4Hyx1+IDSVlBvtzO+PTOgI=
github.com/fweikert/go-buildkite v2.1.1-0.20190131135720-1a18fa668fae+incompatible/go.mod h1:cHMKq7NUSswHt3FHgx/Trt+XcaFaq6BoCZyQQ5/DetY=
github.com/google/go-querystring v1.0.0 h1:Xkwi/a1rcvNg1PPYe5vI8GbeBY/jrVuDX5ASuANWTrk=
github.com/google/go-querystring v1.0.0/go.mod h1:odCYkC5MyYFN7vkCjXpyrEuKhc/BUO6wN/zVPAxq5ck=
github.com/machinebox/graphql v0.2.2 h1:dWKpJligYKhYKO5A2gvNhkJdQMNZeChZYyBbrZkBZfo=
github.com/machinebox/graphql v0.2.2/go.mod h1:F+kbVMHuwrQ5tYgU9JXlnskM8nOaFxCAEolaQybkjWA=
github.com/philwo/go-buildkite v2.1.0+incompatible h1:yP3lb6GgJlAHFDyFZSLjEfWTjB5AmnGXtpYtl1/HZRI=
github.com/philwo/go-buildkite v2.1.0+incompatible/go.mod h1:/T9T0XNGIgySFMO/xEeIRKdA+enpTFj3X5nsY5EnVrE=
github.com/philwo/go-buildkite v2.1.1-0.20190522085932-f55c043614df+incompatible h1:NFwOeZj8Whnq4RjKUkMOI3sCodrBTOWzOmM4UagmZ7o=
github.com/philwo/go-buildkite v2.1.1-0.20190522085932-f55c043614df+incompatible/go.mod h1:/T9T0XNGIgySFMO/xEeIRKdA+enpTFj3X5nsY5EnVrE=
github.com/philwo/go-buildkite v2.1.1-0.20190522090605-37385e299a38+incompatible h1:a7b3K1nvQd7A70vDYz+IzDqPgxwnTXLwPxyDl5GkR9I=
github.com/philwo/go-buildkite v2.1.1-0.20190522090605-37385e299a38+incompatible/go.mod h1:/T9T0XNGIgySFMO/xEeIRKdA+enpTFj3X5nsY5EnVrE=
github.com/pkg/errors v0.8.1 h1:iURUrRGxPUNPdy5/HRSm+Yj6okJ6UtLINN0Q9M4+h3I=
github.com/pkg/errors v0.8.1/go.mod h1:bwawxfHBFNV+L2hUp1rHADufV3IMtnDRdf1r5NINEl0=
gopkg.in/check.v1 v0.0.0-20161208181325-20d25e280405/go.mod h1:Co6ibVJAznAaIkqp8huTwlJQCZ016jof/cbN4VW5Yz0=
gopkg.in/yaml.v2 v2.2.2 h1:ZCJp+EgiOT7lHqUV2J862kp8Qj64Jo6az82+3Td9dZw=
gopkg.in/yaml.v2 v2.2.2/go.mod h1:hI93XBmqTisBFMUTm0b8Fm+jr3Dg1NNxqwp+5A1VGuI=
